// !$*UTF8*$!
{
	archiveVersion = 1;
	classes = {
	};
	objectVersion = 50;
	objects = {

/* Begin PBXBuildFile section */
		8E03325C2140FF3C00DDE7F7 /* SendEmailViewController.swift in Sources */ = {isa = PBXBuildFile; fileRef = 8E03325B2140FF3C00DDE7F7 /* SendEmailViewController.swift */; };
		8ECDD15D213FECF500A40DC9 /* AppDelegate.swift in Sources */ = {isa = PBXBuildFile; fileRef = 8ECDD15C213FECF500A40DC9 /* AppDelegate.swift */; };
		8ECDD15F213FECF500A40DC9 /* ViewController.swift in Sources */ = {isa = PBXBuildFile; fileRef = 8ECDD15E213FECF500A40DC9 /* ViewController.swift */; };
		8ECDD162213FECF500A40DC9 /* Main.storyboard in Resources */ = {isa = PBXBuildFile; fileRef = 8ECDD160213FECF500A40DC9 /* Main.storyboard */; };
		8ECDD164213FECF900A40DC9 /* Assets.xcassets in Resources */ = {isa = PBXBuildFile; fileRef = 8ECDD163213FECF900A40DC9 /* Assets.xcassets */; };
		8ECDD167213FECF900A40DC9 /* LaunchScreen.storyboard in Resources */ = {isa = PBXBuildFile; fileRef = 8ECDD165213FECF900A40DC9 /* LaunchScreen.storyboard */; };
		8ECDD172213FECFA00A40DC9 /* Reseersa_ttarenTests.swift in Sources */ = {isa = PBXBuildFile; fileRef = 8ECDD171213FECFA00A40DC9 /* Reseersa_ttarenTests.swift */; };
		8ECDD17D213FECFA00A40DC9 /* Reseersa_ttarenUITests.swift in Sources */ = {isa = PBXBuildFile; fileRef = 8ECDD17C213FECFA00A40DC9 /* Reseersa_ttarenUITests.swift */; };
/* End PBXBuildFile section */

/* Begin PBXContainerItemProxy section */
		8ECDD16E213FECFA00A40DC9 /* PBXContainerItemProxy */ = {
			isa = PBXContainerItemProxy;
			containerPortal = 8ECDD151213FECF500A40DC9 /* Project object */;
			proxyType = 1;
			remoteGlobalIDString = 8ECDD158213FECF500A40DC9;
			remoteInfo = "Reseersättaren";
		};
		8ECDD179213FECFA00A40DC9 /* PBXContainerItemProxy */ = {
			isa = PBXContainerItemProxy;
			containerPortal = 8ECDD151213FECF500A40DC9 /* Project object */;
			proxyType = 1;
			remoteGlobalIDString = 8ECDD158213FECF500A40DC9;
			remoteInfo = "Reseersättaren";
		};
/* End PBXContainerItemProxy section */

/* Begin PBXFileReference section */
		8E03325B2140FF3C00DDE7F7 /* SendEmailViewController.swift */ = {isa = PBXFileReference; lastKnownFileType = sourcecode.swift; path = SendEmailViewController.swift; sourceTree = "<group>"; };
		8ECDD159213FECF500A40DC9 /* Reseersättaren.app */ = {isa = PBXFileReference; explicitFileType = wrapper.application; includeInIndex = 0; path = "Reseersättaren.app"; sourceTree = BUILT_PRODUCTS_DIR; };
		8ECDD15C213FECF500A40DC9 /* AppDelegate.swift */ = {isa = PBXFileReference; lastKnownFileType = sourcecode.swift; path = AppDelegate.swift; sourceTree = "<group>"; };
		8ECDD15E213FECF500A40DC9 /* ViewController.swift */ = {isa = PBXFileReference; lastKnownFileType = sourcecode.swift; path = ViewController.swift; sourceTree = "<group>"; };
		8ECDD161213FECF500A40DC9 /* Base */ = {isa = PBXFileReference; lastKnownFileType = file.storyboard; name = Base; path = Base.lproj/Main.storyboard; sourceTree = "<group>"; };
		8ECDD163213FECF900A40DC9 /* Assets.xcassets */ = {isa = PBXFileReference; lastKnownFileType = folder.assetcatalog; path = Assets.xcassets; sourceTree = "<group>"; };
		8ECDD166213FECF900A40DC9 /* Base */ = {isa = PBXFileReference; lastKnownFileType = file.storyboard; name = Base; path = Base.lproj/LaunchScreen.storyboard; sourceTree = "<group>"; };
		8ECDD168213FECF900A40DC9 /* Info.plist */ = {isa = PBXFileReference; lastKnownFileType = text.plist.xml; path = Info.plist; sourceTree = "<group>"; };
		8ECDD16D213FECFA00A40DC9 /* ReseersättarenTests.xctest */ = {isa = PBXFileReference; explicitFileType = wrapper.cfbundle; includeInIndex = 0; path = "ReseersättarenTests.xctest"; sourceTree = BUILT_PRODUCTS_DIR; };
		8ECDD171213FECFA00A40DC9 /* Reseersa_ttarenTests.swift */ = {isa = PBXFileReference; lastKnownFileType = sourcecode.swift; path = Reseersa_ttarenTests.swift; sourceTree = "<group>"; };
		8ECDD173213FECFA00A40DC9 /* Info.plist */ = {isa = PBXFileReference; lastKnownFileType = text.plist.xml; path = Info.plist; sourceTree = "<group>"; };
		8ECDD178213FECFA00A40DC9 /* ReseersättarenUITests.xctest */ = {isa = PBXFileReference; explicitFileType = wrapper.cfbundle; includeInIndex = 0; path = "ReseersättarenUITests.xctest"; sourceTree = BUILT_PRODUCTS_DIR; };
		8ECDD17C213FECFA00A40DC9 /* Reseersa_ttarenUITests.swift */ = {isa = PBXFileReference; lastKnownFileType = sourcecode.swift; path = Reseersa_ttarenUITests.swift; sourceTree = "<group>"; };
		8ECDD17E213FECFA00A40DC9 /* Info.plist */ = {isa = PBXFileReference; lastKnownFileType = text.plist.xml; path = Info.plist; sourceTree = "<group>"; };
/* End PBXFileReference section */

/* Begin PBXFrameworksBuildPhase section */
		8ECDD156213FECF500A40DC9 /* Frameworks */ = {
			isa = PBXFrameworksBuildPhase;
			buildActionMask = 2147483647;
			files = (
			);
			runOnlyForDeploymentPostprocessing = 0;
		};
		8ECDD16A213FECFA00A40DC9 /* Frameworks */ = {
			isa = PBXFrameworksBuildPhase;
			buildActionMask = 2147483647;
			files = (
			);
			runOnlyForDeploymentPostprocessing = 0;
		};
		8ECDD175213FECFA00A40DC9 /* Frameworks */ = {
			isa = PBXFrameworksBuildPhase;
			buildActionMask = 2147483647;
			files = (
			);
			runOnlyForDeploymentPostprocessing = 0;
		};
/* End PBXFrameworksBuildPhase section */

/* Begin PBXGroup section */
		8ECDD150213FECF500A40DC9 = {
			isa = PBXGroup;
			children = (
				8ECDD15B213FECF500A40DC9 /* Reseersättaren */,
				8ECDD170213FECFA00A40DC9 /* ReseersättarenTests */,
				8ECDD17B213FECFA00A40DC9 /* ReseersättarenUITests */,
				8ECDD15A213FECF500A40DC9 /* Products */,
			);
			sourceTree = "<group>";
		};
		8ECDD15A213FECF500A40DC9 /* Products */ = {
			isa = PBXGroup;
			children = (
				8ECDD159213FECF500A40DC9 /* Reseersättaren.app */,
				8ECDD16D213FECFA00A40DC9 /* ReseersättarenTests.xctest */,
				8ECDD178213FECFA00A40DC9 /* ReseersättarenUITests.xctest */,
			);
			name = Products;
			sourceTree = "<group>";
		};
		8ECDD15B213FECF500A40DC9 /* Reseersättaren */ = {
			isa = PBXGroup;
			children = (
				8ECDD15C213FECF500A40DC9 /* AppDelegate.swift */,
				8ECDD15E213FECF500A40DC9 /* ViewController.swift */,
				8ECDD160213FECF500A40DC9 /* Main.storyboard */,
				8E03325B2140FF3C00DDE7F7 /* SendEmailViewController.swift */,
				8ECDD163213FECF900A40DC9 /* Assets.xcassets */,
				8ECDD165213FECF900A40DC9 /* LaunchScreen.storyboard */,
				8ECDD168213FECF900A40DC9 /* Info.plist */,
			);
			path = "Reseersättaren";
			sourceTree = "<group>";
		};
		8ECDD170213FECFA00A40DC9 /* ReseersättarenTests */ = {
			isa = PBXGroup;
			children = (
				8ECDD171213FECFA00A40DC9 /* Reseersa_ttarenTests.swift */,
				8ECDD173213FECFA00A40DC9 /* Info.plist */,
			);
			path = "ReseersättarenTests";
			sourceTree = "<group>";
		};
		8ECDD17B213FECFA00A40DC9 /* ReseersättarenUITests */ = {
			isa = PBXGroup;
			children = (
				8ECDD17C213FECFA00A40DC9 /* Reseersa_ttarenUITests.swift */,
				8ECDD17E213FECFA00A40DC9 /* Info.plist */,
			);
			path = "ReseersättarenUITests";
			sourceTree = "<group>";
		};
/* End PBXGroup section */

/* Begin PBXNativeTarget section */
		8ECDD158213FECF500A40DC9 /* Reseersättaren */ = {
			isa = PBXNativeTarget;
			buildConfigurationList = 8ECDD181213FECFA00A40DC9 /* Build configuration list for PBXNativeTarget "Reseersättaren" */;
			buildPhases = (
				8ECDD155213FECF500A40DC9 /* Sources */,
				8ECDD156213FECF500A40DC9 /* Frameworks */,
				8ECDD157213FECF500A40DC9 /* Resources */,
			);
			buildRules = (
			);
			dependencies = (
			);
			name = "Reseersättaren";
			productName = "Reseersättaren";
			productReference = 8ECDD159213FECF500A40DC9 /* Reseersättaren.app */;
			productType = "com.apple.product-type.application";
		};
		8ECDD16C213FECFA00A40DC9 /* ReseersättarenTests */ = {
			isa = PBXNativeTarget;
			buildConfigurationList = 8ECDD184213FECFA00A40DC9 /* Build configuration list for PBXNativeTarget "ReseersättarenTests" */;
			buildPhases = (
				8ECDD169213FECFA00A40DC9 /* Sources */,
				8ECDD16A213FECFA00A40DC9 /* Frameworks */,
				8ECDD16B213FECFA00A40DC9 /* Resources */,
			);
			buildRules = (
			);
			dependencies = (
				8ECDD16F213FECFA00A40DC9 /* PBXTargetDependency */,
			);
			name = "ReseersättarenTests";
			productName = "ReseersättarenTests";
			productReference = 8ECDD16D213FECFA00A40DC9 /* ReseersättarenTests.xctest */;
			productType = "com.apple.product-type.bundle.unit-test";
		};
		8ECDD177213FECFA00A40DC9 /* ReseersättarenUITests */ = {
			isa = PBXNativeTarget;
			buildConfigurationList = 8ECDD187213FECFA00A40DC9 /* Build configuration list for PBXNativeTarget "ReseersättarenUITests" */;
			buildPhases = (
				8ECDD174213FECFA00A40DC9 /* Sources */,
				8ECDD175213FECFA00A40DC9 /* Frameworks */,
				8ECDD176213FECFA00A40DC9 /* Resources */,
			);
			buildRules = (
			);
			dependencies = (
				8ECDD17A213FECFA00A40DC9 /* PBXTargetDependency */,
			);
			name = "ReseersättarenUITests";
			productName = "ReseersättarenUITests";
			productReference = 8ECDD178213FECFA00A40DC9 /* ReseersättarenUITests.xctest */;
			productType = "com.apple.product-type.bundle.ui-testing";
		};
/* End PBXNativeTarget section */

/* Begin PBXProject section */
		8ECDD151213FECF500A40DC9 /* Project object */ = {
			isa = PBXProject;
			attributes = {
				LastSwiftUpdateCheck = 0940;
				LastUpgradeCheck = 0940;
				ORGANIZATIONNAME = "Jonatan Tegen";
				TargetAttributes = {
					8ECDD158213FECF500A40DC9 = {
						CreatedOnToolsVersion = 9.4.1;
					};
					8ECDD16C213FECFA00A40DC9 = {
						CreatedOnToolsVersion = 9.4.1;
						TestTargetID = 8ECDD158213FECF500A40DC9;
					};
					8ECDD177213FECFA00A40DC9 = {
						CreatedOnToolsVersion = 9.4.1;
						TestTargetID = 8ECDD158213FECF500A40DC9;
					};
				};
			};
			buildConfigurationList = 8ECDD154213FECF500A40DC9 /* Build configuration list for PBXProject "Reseersättaren" */;
			compatibilityVersion = "Xcode 9.3";
			developmentRegion = en;
			hasScannedForEncodings = 0;
			knownRegions = (
				en,
				Base,
			);
			mainGroup = 8ECDD150213FECF500A40DC9;
			productRefGroup = 8ECDD15A213FECF500A40DC9 /* Products */;
			projectDirPath = "";
			projectRoot = "";
			targets = (
				8ECDD158213FECF500A40DC9 /* Reseersättaren */,
				8ECDD16C213FECFA00A40DC9 /* ReseersättarenTests */,
				8ECDD177213FECFA00A40DC9 /* ReseersättarenUITests */,
			);
		};
/* End PBXProject section */

/* Begin PBXResourcesBuildPhase section */
		8ECDD157213FECF500A40DC9 /* Resources */ = {
			isa = PBXResourcesBuildPhase;
			buildActionMask = 2147483647;
			files = (
				8ECDD167213FECF900A40DC9 /* LaunchScreen.storyboard in Resources */,
				8ECDD164213FECF900A40DC9 /* Assets.xcassets in Resources */,
				8ECDD162213FECF500A40DC9 /* Main.storyboard in Resources */,
			);
			runOnlyForDeploymentPostprocessing = 0;
		};
		8ECDD16B213FECFA00A40DC9 /* Resources */ = {
			isa = PBXResourcesBuildPhase;
			buildActionMask = 2147483647;
			files = (
			);
			runOnlyForDeploymentPostprocessing = 0;
		};
		8ECDD176213FECFA00A40DC9 /* Resources */ = {
			isa = PBXResourcesBuildPhase;
			buildActionMask = 2147483647;
			files = (
			);
			runOnlyForDeploymentPostprocessing = 0;
		};
/* End PBXResourcesBuildPhase section */

/* Begin PBXSourcesBuildPhase section */
		8ECDD155213FECF500A40DC9 /* Sources */ = {
			isa = PBXSourcesBuildPhase;
			buildActionMask = 2147483647;
			files = (
				8E03325C2140FF3C00DDE7F7 /* SendEmailViewController.swift in Sources */,
				8ECDD15F213FECF500A40DC9 /* ViewController.swift in Sources */,
				8ECDD15D213FECF500A40DC9 /* AppDelegate.swift in Sources */,
			);
			runOnlyForDeploymentPostprocessing = 0;
		};
		8ECDD169213FECFA00A40DC9 /* Sources */ = {
			isa = PBXSourcesBuildPhase;
			buildActionMask = 2147483647;
			files = (
				8ECDD172213FECFA00A40DC9 /* Reseersa_ttarenTests.swift in Sources */,
			);
			runOnlyForDeploymentPostprocessing = 0;
		};
		8ECDD174213FECFA00A40DC9 /* Sources */ = {
			isa = PBXSourcesBuildPhase;
			buildActionMask = 2147483647;
			files = (
				8ECDD17D213FECFA00A40DC9 /* Reseersa_ttarenUITests.swift in Sources */,
			);
			runOnlyForDeploymentPostprocessing = 0;
		};
/* End PBXSourcesBuildPhase section */

/* Begin PBXTargetDependency section */
		8ECDD16F213FECFA00A40DC9 /* PBXTargetDependency */ = {
			isa = PBXTargetDependency;
			target = 8ECDD158213FECF500A40DC9 /* Reseersättaren */;
			targetProxy = 8ECDD16E213FECFA00A40DC9 /* PBXContainerItemProxy */;
		};
		8ECDD17A213FECFA00A40DC9 /* PBXTargetDependency */ = {
			isa = PBXTargetDependency;
			target = 8ECDD158213FECF500A40DC9 /* Reseersättaren */;
			targetProxy = 8ECDD179213FECFA00A40DC9 /* PBXContainerItemProxy */;
		};
/* End PBXTargetDependency section */

/* Begin PBXVariantGroup section */
		8ECDD160213FECF500A40DC9 /* Main.storyboard */ = {
			isa = PBXVariantGroup;
			children = (
				8ECDD161213FECF500A40DC9 /* Base */,
			);
			name = Main.storyboard;
			sourceTree = "<group>";
		};
		8ECDD165213FECF900A40DC9 /* LaunchScreen.storyboard */ = {
			isa = PBXVariantGroup;
			children = (
				8ECDD166213FECF900A40DC9 /* Base */,
			);
			name = LaunchScreen.storyboard;
			sourceTree = "<group>";
		};
/* End PBXVariantGroup section */

/* Begin XCBuildConfiguration section */
		8ECDD17F213FECFA00A40DC9 /* Debug */ = {
			isa = XCBuildConfiguration;
			buildSettings = {
				ALWAYS_SEARCH_USER_PATHS = NO;
				CLANG_ANALYZER_NONNULL = YES;
				CLANG_ANALYZER_NUMBER_OBJECT_CONVERSION = YES_AGGRESSIVE;
				CLANG_CXX_LANGUAGE_STANDARD = "gnu++14";
				CLANG_CXX_LIBRARY = "libc++";
				CLANG_ENABLE_MODULES = YES;
				CLANG_ENABLE_OBJC_ARC = YES;
				CLANG_ENABLE_OBJC_WEAK = YES;
				CLANG_WARN_BLOCK_CAPTURE_AUTORELEASING = YES;
				CLANG_WARN_BOOL_CONVERSION = YES;
				CLANG_WARN_COMMA = YES;
				CLANG_WARN_CONSTANT_CONVERSION = YES;
				CLANG_WARN_DEPRECATED_OBJC_IMPLEMENTATIONS = YES;
				CLANG_WARN_DIRECT_OBJC_ISA_USAGE = YES_ERROR;
				CLANG_WARN_DOCUMENTATION_COMMENTS = YES;
				CLANG_WARN_EMPTY_BODY = YES;
				CLANG_WARN_ENUM_CONVERSION = YES;
				CLANG_WARN_INFINITE_RECURSION = YES;
				CLANG_WARN_INT_CONVERSION = YES;
				CLANG_WARN_NON_LITERAL_NULL_CONVERSION = YES;
				CLANG_WARN_OBJC_IMPLICIT_RETAIN_SELF = YES;
				CLANG_WARN_OBJC_LITERAL_CONVERSION = YES;
				CLANG_WARN_OBJC_ROOT_CLASS = YES_ERROR;
				CLANG_WARN_RANGE_LOOP_ANALYSIS = YES;
				CLANG_WARN_STRICT_PROTOTYPES = YES;
				CLANG_WARN_SUSPICIOUS_MOVE = YES;
				CLANG_WARN_UNGUARDED_AVAILABILITY = YES_AGGRESSIVE;
				CLANG_WARN_UNREACHABLE_CODE = YES;
				CLANG_WARN__DUPLICATE_METHOD_MATCH = YES;
				CODE_SIGN_IDENTITY = "iPhone Developer";
				COPY_PHASE_STRIP = NO;
				DEBUG_INFORMATION_FORMAT = dwarf;
				ENABLE_STRICT_OBJC_MSGSEND = YES;
				ENABLE_TESTABILITY = YES;
				GCC_C_LANGUAGE_STANDARD = gnu11;
				GCC_DYNAMIC_NO_PIC = NO;
				GCC_NO_COMMON_BLOCKS = YES;
				GCC_OPTIMIZATION_LEVEL = 0;
				GCC_PREPROCESSOR_DEFINITIONS = (
					"DEBUG=1",
					"$(inherited)",
				);
				GCC_WARN_64_TO_32_BIT_CONVERSION = YES;
				GCC_WARN_ABOUT_RETURN_TYPE = YES_ERROR;
				GCC_WARN_UNDECLARED_SELECTOR = YES;
				GCC_WARN_UNINITIALIZED_AUTOS = YES_AGGRESSIVE;
				GCC_WARN_UNUSED_FUNCTION = YES;
				GCC_WARN_UNUSED_VARIABLE = YES;
				IPHONEOS_DEPLOYMENT_TARGET = 11.4;
				MTL_ENABLE_DEBUG_INFO = YES;
				ONLY_ACTIVE_ARCH = YES;
				SDKROOT = iphoneos;
				SWIFT_ACTIVE_COMPILATION_CONDITIONS = DEBUG;
				SWIFT_OPTIMIZATION_LEVEL = "-Onone";
			};
			name = Debug;
		};
		8ECDD180213FECFA00A40DC9 /* Release */ = {
			isa = XCBuildConfiguration;
			buildSettings = {
				ALWAYS_SEARCH_USER_PATHS = NO;
				CLANG_ANALYZER_NONNULL = YES;
				CLANG_ANALYZER_NUMBER_OBJECT_CONVERSION = YES_AGGRESSIVE;
				CLANG_CXX_LANGUAGE_STANDARD = "gnu++14";
				CLANG_CXX_LIBRARY = "libc++";
				CLANG_ENABLE_MODULES = YES;
				CLANG_ENABLE_OBJC_ARC = YES;
				CLANG_ENABLE_OBJC_WEAK = YES;
				CLANG_WARN_BLOCK_CAPTURE_AUTORELEASING = YES;
				CLANG_WARN_BOOL_CONVERSION = YES;
				CLANG_WARN_COMMA = YES;
				CLANG_WARN_CONSTANT_CONVERSION = YES;
				CLANG_WARN_DEPRECATED_OBJC_IMPLEMENTATIONS = YES;
				CLANG_WARN_DIRECT_OBJC_ISA_USAGE = YES_ERROR;
				CLANG_WARN_DOCUMENTATION_COMMENTS = YES;
				CLANG_WARN_EMPTY_BODY = YES;
				CLANG_WARN_ENUM_CONVERSION = YES;
				CLANG_WARN_INFINITE_RECURSION = YES;
				CLANG_WARN_INT_CONVERSION = YES;
				CLANG_WARN_NON_LITERAL_NULL_CONVERSION = YES;
				CLANG_WARN_OBJC_IMPLICIT_RETAIN_SELF = YES;
				CLANG_WARN_OBJC_LITERAL_CONVERSION = YES;
				CLANG_WARN_OBJC_ROOT_CLASS = YES_ERROR;
				CLANG_WARN_RANGE_LOOP_ANALYSIS = YES;
				CLANG_WARN_STRICT_PROTOTYPES = YES;
				CLANG_WARN_SUSPICIOUS_MOVE = YES;
				CLANG_WARN_UNGUARDED_AVAILABILITY = YES_AGGRESSIVE;
				CLANG_WARN_UNREACHABLE_CODE = YES;
				CLANG_WARN__DUPLICATE_METHOD_MATCH = YES;
				CODE_SIGN_IDENTITY = "iPhone Developer";
				COPY_PHASE_STRIP = NO;
				DEBUG_INFORMATION_FORMAT = "dwarf-with-dsym";
				ENABLE_NS_ASSERTIONS = NO;
				ENABLE_STRICT_OBJC_MSGSEND = YES;
				GCC_C_LANGUAGE_STANDARD = gnu11;
				GCC_NO_COMMON_BLOCKS = YES;
				GCC_WARN_64_TO_32_BIT_CONVERSION = YES;
				GCC_WARN_ABOUT_RETURN_TYPE = YES_ERROR;
				GCC_WARN_UNDECLARED_SELECTOR = YES;
				GCC_WARN_UNINITIALIZED_AUTOS = YES_AGGRESSIVE;
				GCC_WARN_UNUSED_FUNCTION = YES;
				GCC_WARN_UNUSED_VARIABLE = YES;
				IPHONEOS_DEPLOYMENT_TARGET = 11.4;
				MTL_ENABLE_DEBUG_INFO = NO;
				SDKROOT = iphoneos;
				SWIFT_COMPILATION_MODE = wholemodule;
				SWIFT_OPTIMIZATION_LEVEL = "-O";
				VALIDATE_PRODUCT = YES;
			};
			name = Release;
		};
		8ECDD182213FECFA00A40DC9 /* Debug */ = {
			isa = XCBuildConfiguration;
			buildSettings = {
				ASSETCATALOG_COMPILER_APPICON_NAME = AppIcon;
				ASSETCATALOG_COMPILER_LAUNCHIMAGE_NAME = LaunchImage;
				CODE_SIGN_STYLE = Automatic;
				DEVELOPMENT_TEAM = G4H4P5GNHC;
				INFOPLIST_FILE = "Reseersättaren/Info.plist";
				LD_RUNPATH_SEARCH_PATHS = (
					"$(inherited)",
					"@executable_path/Frameworks",
				);
				PRODUCT_BUNDLE_IDENTIFIER = "Reseersa-ttaren";
				PRODUCT_NAME = "$(TARGET_NAME)";
				SWIFT_VERSION = 4.0;
				TARGETED_DEVICE_FAMILY = "1,2";
			};
			name = Debug;
		};
		8ECDD183213FECFA00A40DC9 /* Release */ = {
			isa = XCBuildConfiguration;
			buildSettings = {
				ASSETCATALOG_COMPILER_APPICON_NAME = AppIcon;
				ASSETCATALOG_COMPILER_LAUNCHIMAGE_NAME = LaunchImage;
				CODE_SIGN_STYLE = Automatic;
				DEVELOPMENT_TEAM = G4H4P5GNHC;
				INFOPLIST_FILE = "Reseersättaren/Info.plist";
				LD_RUNPATH_SEARCH_PATHS = (
					"$(inherited)",
					"@executable_path/Frameworks",
				);
				PRODUCT_BUNDLE_IDENTIFIER = "Reseersa-ttaren";
				PRODUCT_NAME = "$(TARGET_NAME)";
				SWIFT_VERSION = 4.0;
				TARGETED_DEVICE_FAMILY = "1,2";
			};
			name = Release;
		};
		8ECDD185213FECFA00A40DC9 /* Debug */ = {
			isa = XCBuildConfiguration;
			buildSettings = {
				ALWAYS_EMBED_SWIFT_STANDARD_LIBRARIES = YES;
				BUNDLE_LOADER = "$(TEST_HOST)";
				CODE_SIGN_STYLE = Automatic;
				DEVELOPMENT_TEAM = S8JP7JFPZ9;
				INFOPLIST_FILE = "ReseersättarenTests/Info.plist";
				LD_RUNPATH_SEARCH_PATHS = (
					"$(inherited)",
					"@executable_path/Frameworks",
					"@loader_path/Frameworks",
				);
				PRODUCT_BUNDLE_IDENTIFIER = "Tegen.Reseersa-ttarenTests";
				PRODUCT_NAME = "$(TARGET_NAME)";
				SWIFT_VERSION = 4.0;
				TARGETED_DEVICE_FAMILY = "1,2";
				TEST_HOST = "$(BUILT_PRODUCTS_DIR)/Reseersättaren.app/Reseersättaren";
			};
			name = Debug;
		};
		8ECDD186213FECFA00A40DC9 /* Release */ = {
			isa = XCBuildConfiguration;
			buildSettings = {
				ALWAYS_EMBED_SWIFT_STANDARD_LIBRARIES = YES;
				BUNDLE_LOADER = "$(TEST_HOST)";
				CODE_SIGN_STYLE = Automatic;
				DEVELOPMENT_TEAM = S8JP7JFPZ9;
				INFOPLIST_FILE = "ReseersättarenTests/Info.plist";
				LD_RUNPATH_SEARCH_PATHS = (
					"$(inherited)",
					"@executable_path/Frameworks",
					"@loader_path/Frameworks",
				);
				PRODUCT_BUNDLE_IDENTIFIER = "Tegen.Reseersa-ttarenTests";
				PRODUCT_NAME = "$(TARGET_NAME)";
				SWIFT_VERSION = 4.0;
				TARGETED_DEVICE_FAMILY = "1,2";
				TEST_HOST = "$(BUILT_PRODUCTS_DIR)/Reseersättaren.app/Reseersättaren";
			};
			name = Release;
		};
		8ECDD188213FECFA00A40DC9 /* Debug */ = {
			isa = XCBuildConfiguration;
			buildSettings = {
				ALWAYS_EMBED_SWIFT_STANDARD_LIBRARIES = YES;
				CODE_SIGN_STYLE = Automatic;
				DEVELOPMENT_TEAM = S8JP7JFPZ9;
				INFOPLIST_FILE = "ReseersättarenUITests/Info.plist";
				LD_RUNPATH_SEARCH_PATHS = (
					"$(inherited)",
					"@executable_path/Frameworks",
					"@loader_path/Frameworks",
				);
				PRODUCT_BUNDLE_IDENTIFIER = "Tegen.Reseersa-ttarenUITests";
				PRODUCT_NAME = "$(TARGET_NAME)";
				SWIFT_VERSION = 4.0;
				TARGETED_DEVICE_FAMILY = "1,2";
				TEST_TARGET_NAME = "Reseersättaren";
			};
			name = Debug;
		};
		8ECDD189213FECFA00A40DC9 /* Release */ = {
			isa = XCBuildConfiguration;
			buildSettings = {
				ALWAYS_EMBED_SWIFT_STANDARD_LIBRARIES = YES;
				CODE_SIGN_STYLE = Automatic;
				DEVELOPMENT_TEAM = S8JP7JFPZ9;
				INFOPLIST_FILE = "ReseersättarenUITests/Info.plist";
				LD_RUNPATH_SEARCH_PATHS = (
					"$(inherited)",
					"@executable_path/Frameworks",
					"@loader_path/Frameworks",
				);
				PRODUCT_BUNDLE_IDENTIFIER = "Tegen.Reseersa-ttarenUITests";
				PRODUCT_NAME = "$(TARGET_NAME)";
				SWIFT_VERSION = 4.0;
				TARGETED_DEVICE_FAMILY = "1,2";
				TEST_TARGET_NAME = "Reseersättaren";
			};
			name = Release;
		};
/* End XCBuildConfiguration section */

/* Begin XCConfigurationList section */
		8ECDD154213FECF500A40DC9 /* Build configuration list for PBXProject "Reseersättaren" */ = {
			isa = XCConfigurationList;
			buildConfigurations = (
				8ECDD17F213FECFA00A40DC9 /* Debug */,
				8ECDD180213FECFA00A40DC9 /* Release */,
			);
			defaultConfigurationIsVisible = 0;
			defaultConfigurationName = Release;
		};
		8ECDD181213FECFA00A40DC9 /* Build configuration list for PBXNativeTarget "Reseersättaren" */ = {
			isa = XCConfigurationList;
			buildConfigurations = (
				8ECDD182213FECFA00A40DC9 /* Debug */,
				8ECDD183213FECFA00A40DC9 /* Release */,
			);
			defaultConfigurationIsVisible = 0;
			defaultConfigurationName = Release;
		};
		8ECDD184213FECFA00A40DC9 /* Build configuration list for PBXNativeTarget "ReseersättarenTests" */ = {
			isa = XCConfigurationList;
			buildConfigurations = (
				8ECDD185213FECFA00A40DC9 /* Debug */,
				8ECDD186213FECFA00A40DC9 /* Release */,
			);
			defaultConfigurationIsVisible = 0;
			defaultConfigurationName = Release;
		};
		8ECDD187213FECFA00A40DC9 /* Build configuration list for PBXNativeTarget "ReseersättarenUITests" */ = {
			isa = XCConfigurationList;
			buildConfigurations = (
				8ECDD188213FECFA00A40DC9 /* Debug */,
				8ECDD189213FECFA00A40DC9 /* Release */,
			);
			defaultConfigurationIsVisible = 0;
			defaultConfigurationName = Release;
		};
/* End XCConfigurationList section */
	};
	rootObject = 8ECDD151213FECF500A40DC9 /* Project object */;
}
